{
  "pins" : [
    {
      "identity" : "jsonsafeencoder-swift",
      "kind" : "remoteSourceControl",
      "location" : "https://github.com/segmentio/jsonsafeencoder-swift.git",
      "state" : {
        "revision" : "75ad40f07d4e0b938e3afb80811244d6b7acd4ba",
        "version" : "1.0.0"
      }
    },
    {
      "identity" : "sovran-swift",
      "kind" : "remoteSourceControl",
      "location" : "https://github.com/erichoracek/sovran-swift.git",
      "state" : {
        "revision" : "362351735e8dde17d83d00093d7fc431d8005517"
      }
    }
  ],
  "version" : 2
}
